
Microsoft Visual Studio Solution File, Format Version 12.00
# Visual Studio Version 16
VisualStudioVersion = 16.0.33130.400
MinimumVisualStudioVersion = 10.0.40219.1
Project("{FAE04EC0-301F-11D3-BF4B-00C04F79EFBC}") = "Mission06_bwh46Real", "Mission06_bwh46Real\Mission06_bwh46Real.csproj", "{46BAAB9E-D4EB-4D47-98CF-93EB3C179057}"
EndProject
Global
	GlobalSection(SolutionConfigurationPlatforms) = preSolution
		Debug|Any CPU = Debug|Any CPU
		Release|Any CPU = Release|Any CPU
	EndGlobalSection
	GlobalSection(ProjectConfigurationPlatforms) = postSolution
		{46BAAB9E-D4EB-4D47-98CF-93EB3C179057}.Debug|Any CPU.ActiveCfg = Debug|Any CPU
		{46BAAB9E-D4EB-4D47-98CF-93EB3C179057}.Debug|Any CPU.Build.0 = Debug|Any CPU
		{46BAAB9E-D4EB-4D47-98CF-93EB3C179057}.Release|Any CPU.ActiveCfg = Release|Any CPU
		{46BAAB9E-D4EB-4D47-98CF-93EB3C179057}.Release|Any CPU.Build.0 = Release|Any CPU
	EndGlobalSection
	GlobalSection(SolutionProperties) = preSolution
		HideSolutionNode = FALSE
	EndGlobalSection
	GlobalSection(ExtensibilityGlobals) = postSolution
		SolutionGuid = {8DE7F8E7-29FA-45A9-9DFE-5CDE3004F1BC}
	EndGlobalSection
EndGlobal
